
Microsoft Visual Studio Solution File, Format Version 12.00
# Visual Studio Version 17
VisualStudioVersion = 17.9.34616.47
MinimumVisualStudioVersion = 10.0.40219.1
Project("{FAE04EC0-301F-11D3-BF4B-00C04F79EFBC}") = "BookManagement", "BookManagement.csproj", "{7CAD1CB7-B873-4779-98AE-297D8A314D3D}"
EndProject
Global
	GlobalSection(SolutionConfigurationPlatforms) = preSolution
		Debug|Any CPU = Debug|Any CPU
		Release|Any CPU = Release|Any CPU
	EndGlobalSection
	GlobalSection(ProjectConfigurationPlatforms) = postSolution
		{7CAD1CB7-B873-4779-98AE-297D8A314D3D}.Debug|Any CPU.ActiveCfg = Debug|Any CPU
		{7CAD1CB7-B873-4779-98AE-297D8A314D3D}.Debug|Any CPU.Build.0 = Debug|Any CPU
		{7CAD1CB7-B873-4779-98AE-297D8A314D3D}.Release|Any CPU.ActiveCfg = Release|Any CPU
		{7CAD1CB7-B873-4779-98AE-297D8A314D3D}.Release|Any CPU.Build.0 = Release|Any CPU
	EndGlobalSection
	GlobalSection(SolutionProperties) = preSolution
		HideSolutionNode = FALSE
	EndGlobalSection
	GlobalSection(ExtensibilityGlobals) = postSolution
		SolutionGuid = {28B3BA96-3272-4A9E-AC01-66F38D300566}
	EndGlobalSection
EndGlobal
